
Microsoft Visual Studio Solution File, Format Version 12.00
# Visual Studio Version 17
VisualStudioVersion = 17.3.32825.248
MinimumVisualStudioVersion = 10.0.40219.1
Project("{FAE04EC0-301F-11D3-BF4B-00C04F79EFBC}") = "Ajito", "Ajito\Ajito.csproj", "{F4A9F688-834B-41F9-949A-C0A5C033B82C}"
EndProject
Project("{FAE04EC0-301F-11D3-BF4B-00C04F79EFBC}") = "Ajito.Server", "Ajito.Server\Ajito.Server.csproj", "{B2DA8B30-1039-4A4D-9E1A-DCD971AADD7C}"
EndProject
Project("{FAE04EC0-301F-11D3-BF4B-00C04F79EFBC}") = "Ajito.Models", "Ajito.Models\Ajito.Models.csproj", "{9369EE62-E959-467E-A5E0-FCC764F239CA}"
EndProject
Global
	GlobalSection(SolutionConfigurationPlatforms) = preSolution
		Debug|Any CPU = Debug|Any CPU
		Release|Any CPU = Release|Any CPU
	EndGlobalSection
	GlobalSection(ProjectConfigurationPlatforms) = postSolution
		{F4A9F688-834B-41F9-949A-C0A5C033B82C}.Debug|Any CPU.ActiveCfg = Debug|Any CPU
		{F4A9F688-834B-41F9-949A-C0A5C033B82C}.Debug|Any CPU.Build.0 = Debug|Any CPU
		{F4A9F688-834B-41F9-949A-C0A5C033B82C}.Release|Any CPU.ActiveCfg = Release|Any CPU
		{F4A9F688-834B-41F9-949A-C0A5C033B82C}.Release|Any CPU.Build.0 = Release|Any CPU
		{B2DA8B30-1039-4A4D-9E1A-DCD971AADD7C}.Debug|Any CPU.ActiveCfg = Debug|Any CPU
		{B2DA8B30-1039-4A4D-9E1A-DCD971AADD7C}.Debug|Any CPU.Build.0 = Debug|Any CPU
		{B2DA8B30-1039-4A4D-9E1A-DCD971AADD7C}.Release|Any CPU.ActiveCfg = Release|Any CPU
		{B2DA8B30-1039-4A4D-9E1A-DCD971AADD7C}.Release|Any CPU.Build.0 = Release|Any CPU
		{9369EE62-E959-467E-A5E0-FCC764F239CA}.Debug|Any CPU.ActiveCfg = Debug|Any CPU
		{9369EE62-E959-467E-A5E0-FCC764F239CA}.Debug|Any CPU.Build.0 = Debug|Any CPU
		{9369EE62-E959-467E-A5E0-FCC764F239CA}.Release|Any CPU.ActiveCfg = Release|Any CPU
		{9369EE62-E959-467E-A5E0-FCC764F239CA}.Release|Any CPU.Build.0 = Release|Any CPU
	EndGlobalSection
	GlobalSection(SolutionProperties) = preSolution
		HideSolutionNode = FALSE
	EndGlobalSection
	GlobalSection(ExtensibilityGlobals) = postSolution
		SolutionGuid = {11AAF8CA-29BC-401D-9089-FE334F5CAF5F}
	EndGlobalSection
EndGlobal
